// !$*UTF8*$!
{
	archiveVersion = 1;
	classes = {
	};
	objectVersion = 51;
	objects = {

/* Begin PBXBuildFile section */
		0041DBC58A4AD693FA3DD112 /* Pods_MyDocNYT.framework in Frameworks */ = {isa = PBXBuildFile; fileRef = 3E134F295D4B7E49B2475A76 /* Pods_MyDocNYT.framework */; };
		0DA0A515FFEE06E37BD3D6C9 /* ArticleConfigurator.swift in Sources */ = {isa = PBXBuildFile; fileRef = 540D0B746E701D6506FB1EBB /* ArticleConfigurator.swift */; };
		0FFA86004EEFA9495B9BD047 /* ArticleRouterInput.swift in Sources */ = {isa = PBXBuildFile; fileRef = A11410F7174A122555B5CE99 /* ArticleRouterInput.swift */; };
		15952908F4FFE0EB879F0559 /* ArticleViewOutput.swift in Sources */ = {isa = PBXBuildFile; fileRef = BD767069CBD9AF092A0A946B /* ArticleViewOutput.swift */; };
		1C46453E18429F7E3672E4B8 /* ArticleInitializer.swift in Sources */ = {isa = PBXBuildFile; fileRef = 788F0D8BBD66FCEBE4ADEA99 /* ArticleInitializer.swift */; };
		29D0CF18B82FB2F44CF83B93 /* ArticleViewController.swift in Sources */ = {isa = PBXBuildFile; fileRef = 86CAE4467FDA3AF5599E10D7 /* ArticleViewController.swift */; };
		35416B981782D229EBC1D25B /* ArticlePresenterTests.swift in Sources */ = {isa = PBXBuildFile; fileRef = B8E896976F884EC11CD3E2A0 /* ArticlePresenterTests.swift */; };
		39332D66523D79DA5F8DEB2C /* ArticleInteractorTests.swift in Sources */ = {isa = PBXBuildFile; fileRef = 9356D5AD9DF3A5C4F15F60AA /* ArticleInteractorTests.swift */; };
		55EE22F09892EA165B5598FF /* ArticleInteractor.swift in Sources */ = {isa = PBXBuildFile; fileRef = 25CBAE9009484A83F99B3567 /* ArticleInteractor.swift */; };
		5CD06EDC1A977BCC40D35D02 /* ArticleViewInput.swift in Sources */ = {isa = PBXBuildFile; fileRef = A83E23AD510FE9A9FA27F003 /* ArticleViewInput.swift */; };
		66FEC80800842D9F847A91BD /* ArticleRouterTests.swift in Sources */ = {isa = PBXBuildFile; fileRef = BECF23CD2F9EFFBE7AF96FDF /* ArticleRouterTests.swift */; };
		7392A9AD47188AF8B85B2896 /* ArticleViewTests.swift in Sources */ = {isa = PBXBuildFile; fileRef = 27A51DBA81697579D4FAA272 /* ArticleViewTests.swift */; };
		7A59F13A966EF81B8EED5F05 /* ArticleConfiguratorTests.swift in Sources */ = {isa = PBXBuildFile; fileRef = B958A1024C858119DB600D7F /* ArticleConfiguratorTests.swift */; };
		8460DD072E3E078607039EE9 /* ArticleRouter.swift in Sources */ = {isa = PBXBuildFile; fileRef = B318618D78368094E7306A10 /* ArticleRouter.swift */; };
		84AC81A0239E16A600F522B4 /* Response.swift in Sources */ = {isa = PBXBuildFile; fileRef = 84AC8196239E16A500F522B4 /* Response.swift */; };
		84AC81A1239E16A600F522B4 /* Docs.swift in Sources */ = {isa = PBXBuildFile; fileRef = 84AC8197239E16A500F522B4 /* Docs.swift */; };
		84AC81A2239E16A600F522B4 /* Byline.swift in Sources */ = {isa = PBXBuildFile; fileRef = 84AC8198239E16A500F522B4 /* Byline.swift */; };
		84AC81A3239E16A600F522B4 /* Legacy.swift in Sources */ = {isa = PBXBuildFile; fileRef = 84AC8199239E16A500F522B4 /* Legacy.swift */; };
		84AC81A4239E16A600F522B4 /* Headline.swift in Sources */ = {isa = PBXBuildFile; fileRef = 84AC819A239E16A500F522B4 /* Headline.swift */; };
		84AC81A5239E16A600F522B4 /* Meta.swift in Sources */ = {isa = PBXBuildFile; fileRef = 84AC819B239E16A600F522B4 /* Meta.swift */; };
		84AC81A6239E16A600F522B4 /* Keywords.swift in Sources */ = {isa = PBXBuildFile; fileRef = 84AC819C239E16A600F522B4 /* Keywords.swift */; };
		84AC81A7239E16A600F522B4 /* ArticleModel.swift in Sources */ = {isa = PBXBuildFile; fileRef = 84AC819D239E16A600F522B4 /* ArticleModel.swift */; };
		84AC81A8239E16A600F522B4 /* Multimedia.swift in Sources */ = {isa = PBXBuildFile; fileRef = 84AC819E239E16A600F522B4 /* Multimedia.swift */; };
		84AC81A9239E16A600F522B4 /* Person.swift in Sources */ = {isa = PBXBuildFile; fileRef = 84AC819F239E16A600F522B4 /* Person.swift */; };
		84B2B53D239B7BBF009C84BA /* AppDelegate.swift in Sources */ = {isa = PBXBuildFile; fileRef = 84B2B53C239B7BBF009C84BA /* AppDelegate.swift */; };
		84B2B53F239B7BBF009C84BA /* SceneDelegate.swift in Sources */ = {isa = PBXBuildFile; fileRef = 84B2B53E239B7BBF009C84BA /* SceneDelegate.swift */; };
		84B2B544239B7BBF009C84BA /* Main.storyboard in Resources */ = {isa = PBXBuildFile; fileRef = 84B2B542239B7BBF009C84BA /* Main.storyboard */; };
		84B2B547239B7BBF009C84BA /* MyDocNYT.xcdatamodeld in Sources */ = {isa = PBXBuildFile; fileRef = 84B2B545239B7BBF009C84BA /* MyDocNYT.xcdatamodeld */; };
		84B2B549239B7BC3009C84BA /* Assets.xcassets in Resources */ = {isa = PBXBuildFile; fileRef = 84B2B548239B7BC3009C84BA /* Assets.xcassets */; };
		84B2B54C239B7BC3009C84BA /* LaunchScreen.storyboard in Resources */ = {isa = PBXBuildFile; fileRef = 84B2B54A239B7BC3009C84BA /* LaunchScreen.storyboard */; };
		84B2B557239B7BC3009C84BA /* MyDocNYTTests.swift in Sources */ = {isa = PBXBuildFile; fileRef = 84B2B556239B7BC3009C84BA /* MyDocNYTTests.swift */; };
		84B2B562239B7BC3009C84BA /* MyDocNYTUITests.swift in Sources */ = {isa = PBXBuildFile; fileRef = 84B2B561239B7BC3009C84BA /* MyDocNYTUITests.swift */; };
		CB9ACBC3E7F082856BF69781 /* Pods_MyDocNYTTests.framework in Frameworks */ = {isa = PBXBuildFile; fileRef = 6B5C0E4318F551919F4B79C5 /* Pods_MyDocNYTTests.framework */; };
		D3291892EB109AC0B8AC01FF /* ArticleInteractorOutput.swift in Sources */ = {isa = PBXBuildFile; fileRef = 167B1F667A9620BD2B1408B5 /* ArticleInteractorOutput.swift */; };
		DD63CC2853356B78DB0C93AE /* ArticlePresenter.swift in Sources */ = {isa = PBXBuildFile; fileRef = 8DD9EAA4C18AF5495CA8FA0D /* ArticlePresenter.swift */; };
		E2ABE548952CB52367065BD9 /* Pods_MyDocNYTUITests.framework in Frameworks */ = {isa = PBXBuildFile; fileRef = F69D8FE0CFBDF1D476886DA4 /* Pods_MyDocNYTUITests.framework */; };
		E7B462665FFD90E6E84D1C06 /* ArticleModuleInput.swift in Sources */ = {isa = PBXBuildFile; fileRef = 6FEFAA38311C250116A4D505 /* ArticleModuleInput.swift */; };
		EF6F88A3561B81A2214CDBE0 /* ArticleInteractorInput.swift in Sources */ = {isa = PBXBuildFile; fileRef = 37620C9C2C2042548A9C754E /* ArticleInteractorInput.swift */; };
/* End PBXBuildFile section */

/* Begin PBXContainerItemProxy section */
		84B2B553239B7BC3009C84BA /* PBXContainerItemProxy */ = {
			isa = PBXContainerItemProxy;
			containerPortal = 84B2B531239B7BBF009C84BA /* Project object */;
			proxyType = 1;
			remoteGlobalIDString = 84B2B538239B7BBF009C84BA;
			remoteInfo = MyDocNYT;
		};
		84B2B55E239B7BC3009C84BA /* PBXContainerItemProxy */ = {
			isa = PBXContainerItemProxy;
			containerPortal = 84B2B531239B7BBF009C84BA /* Project object */;
			proxyType = 1;
			remoteGlobalIDString = 84B2B538239B7BBF009C84BA;
			remoteInfo = MyDocNYT;
		};
/* End PBXContainerItemProxy section */

/* Begin PBXFileReference section */
		167B1F667A9620BD2B1408B5 /* ArticleInteractorOutput.swift */ = {isa = PBXFileReference; includeInIndex = 1; lastKnownFileType = sourcecode.swift; path = ArticleInteractorOutput.swift; sourceTree = "<group>"; };
		23ADF06496E82A12AFE5D436 /* Pods-MyDocNYTTests.debug.xcconfig */ = {isa = PBXFileReference; includeInIndex = 1; lastKnownFileType = text.xcconfig; name = "Pods-MyDocNYTTests.debug.xcconfig"; path = "Target Support Files/Pods-MyDocNYTTests/Pods-MyDocNYTTests.debug.xcconfig"; sourceTree = "<group>"; };
		25CBAE9009484A83F99B3567 /* ArticleInteractor.swift */ = {isa = PBXFileReference; includeInIndex = 1; lastKnownFileType = sourcecode.swift; path = ArticleInteractor.swift; sourceTree = "<group>"; };
		27A51DBA81697579D4FAA272 /* ArticleViewTests.swift */ = {isa = PBXFileReference; includeInIndex = 1; lastKnownFileType = sourcecode.swift; path = ArticleViewTests.swift; sourceTree = "<group>"; };
		3544816DF69FAE3F0449ED91 /* Pods-MyDocNYTUITests.release.xcconfig */ = {isa = PBXFileReference; includeInIndex = 1; lastKnownFileType = text.xcconfig; name = "Pods-MyDocNYTUITests.release.xcconfig"; path = "Target Support Files/Pods-MyDocNYTUITests/Pods-MyDocNYTUITests.release.xcconfig"; sourceTree = "<group>"; };
		37620C9C2C2042548A9C754E /* ArticleInteractorInput.swift */ = {isa = PBXFileReference; includeInIndex = 1; lastKnownFileType = sourcecode.swift; path = ArticleInteractorInput.swift; sourceTree = "<group>"; };
		3E134F295D4B7E49B2475A76 /* Pods_MyDocNYT.framework */ = {isa = PBXFileReference; explicitFileType = wrapper.framework; includeInIndex = 0; path = Pods_MyDocNYT.framework; sourceTree = BUILT_PRODUCTS_DIR; };
		4C0040F210CFA99F6B0A280B /* Pods-MyDocNYT.debug.xcconfig */ = {isa = PBXFileReference; includeInIndex = 1; lastKnownFileType = text.xcconfig; name = "Pods-MyDocNYT.debug.xcconfig"; path = "Target Support Files/Pods-MyDocNYT/Pods-MyDocNYT.debug.xcconfig"; sourceTree = "<group>"; };
		521F2DE0785877ED2D1343AC /* Pods-MyDocNYTUITests.debug.xcconfig */ = {isa = PBXFileReference; includeInIndex = 1; lastKnownFileType = text.xcconfig; name = "Pods-MyDocNYTUITests.debug.xcconfig"; path = "Target Support Files/Pods-MyDocNYTUITests/Pods-MyDocNYTUITests.debug.xcconfig"; sourceTree = "<group>"; };
		540D0B746E701D6506FB1EBB /* ArticleConfigurator.swift */ = {isa = PBXFileReference; includeInIndex = 1; lastKnownFileType = sourcecode.swift; path = ArticleConfigurator.swift; sourceTree = "<group>"; };
		6B5C0E4318F551919F4B79C5 /* Pods_MyDocNYTTests.framework */ = {isa = PBXFileReference; explicitFileType = wrapper.framework; includeInIndex = 0; path = Pods_MyDocNYTTests.framework; sourceTree = BUILT_PRODUCTS_DIR; };
		6FEFAA38311C250116A4D505 /* ArticleModuleInput.swift */ = {isa = PBXFileReference; includeInIndex = 1; lastKnownFileType = sourcecode.swift; path = ArticleModuleInput.swift; sourceTree = "<group>"; };
		788F0D8BBD66FCEBE4ADEA99 /* ArticleInitializer.swift */ = {isa = PBXFileReference; includeInIndex = 1; lastKnownFileType = sourcecode.swift; path = ArticleInitializer.swift; sourceTree = "<group>"; };
		84AC8196239E16A500F522B4 /* Response.swift */ = {isa = PBXFileReference; fileEncoding = 4; lastKnownFileType = sourcecode.swift; path = Response.swift; sourceTree = "<group>"; };
		84AC8197239E16A500F522B4 /* Docs.swift */ = {isa = PBXFileReference; fileEncoding = 4; lastKnownFileType = sourcecode.swift; path = Docs.swift; sourceTree = "<group>"; };
		84AC8198239E16A500F522B4 /* Byline.swift */ = {isa = PBXFileReference; fileEncoding = 4; lastKnownFileType = sourcecode.swift; path = Byline.swift; sourceTree = "<group>"; };
		84AC8199239E16A500F522B4 /* Legacy.swift */ = {isa = PBXFileReference; fileEncoding = 4; lastKnownFileType = sourcecode.swift; path = Legacy.swift; sourceTree = "<group>"; };
		84AC819A239E16A500F522B4 /* Headline.swift */ = {isa = PBXFileReference; fileEncoding = 4; lastKnownFileType = sourcecode.swift; path = Headline.swift; sourceTree = "<group>"; };
		84AC819B239E16A600F522B4 /* Meta.swift */ = {isa = PBXFileReference; fileEncoding = 4; lastKnownFileType = sourcecode.swift; path = Meta.swift; sourceTree = "<group>"; };
		84AC819C239E16A600F522B4 /* Keywords.swift */ = {isa = PBXFileReference; fileEncoding = 4; lastKnownFileType = sourcecode.swift; path = Keywords.swift; sourceTree = "<group>"; };
		84AC819D239E16A600F522B4 /* ArticleModel.swift */ = {isa = PBXFileReference; fileEncoding = 4; lastKnownFileType = sourcecode.swift; path = ArticleModel.swift; sourceTree = "<group>"; };
		84AC819E239E16A600F522B4 /* Multimedia.swift */ = {isa = PBXFileReference; fileEncoding = 4; lastKnownFileType = sourcecode.swift; path = Multimedia.swift; sourceTree = "<group>"; };
		84AC819F239E16A600F522B4 /* Person.swift */ = {isa = PBXFileReference; fileEncoding = 4; lastKnownFileType = sourcecode.swift; path = Person.swift; sourceTree = "<group>"; };
		84B2B539239B7BBF009C84BA /* MyDocNYT.app */ = {isa = PBXFileReference; explicitFileType = wrapper.application; includeInIndex = 0; path = MyDocNYT.app; sourceTree = BUILT_PRODUCTS_DIR; };
		84B2B53C239B7BBF009C84BA /* AppDelegate.swift */ = {isa = PBXFileReference; lastKnownFileType = sourcecode.swift; path = AppDelegate.swift; sourceTree = "<group>"; };
		84B2B53E239B7BBF009C84BA /* SceneDelegate.swift */ = {isa = PBXFileReference; lastKnownFileType = sourcecode.swift; path = SceneDelegate.swift; sourceTree = "<group>"; };
		84B2B543239B7BBF009C84BA /* Base */ = {isa = PBXFileReference; lastKnownFileType = file.storyboard; name = Base; path = Base.lproj/Main.storyboard; sourceTree = "<group>"; };
		84B2B546239B7BBF009C84BA /* MyDocNYT.xcdatamodel */ = {isa = PBXFileReference; lastKnownFileType = wrapper.xcdatamodel; path = MyDocNYT.xcdatamodel; sourceTree = "<group>"; };
		84B2B548239B7BC3009C84BA /* Assets.xcassets */ = {isa = PBXFileReference; lastKnownFileType = folder.assetcatalog; path = Assets.xcassets; sourceTree = "<group>"; };
		84B2B54B239B7BC3009C84BA /* Base */ = {isa = PBXFileReference; lastKnownFileType = file.storyboard; name = Base; path = Base.lproj/LaunchScreen.storyboard; sourceTree = "<group>"; };
		84B2B54D239B7BC3009C84BA /* Info.plist */ = {isa = PBXFileReference; lastKnownFileType = text.plist.xml; path = Info.plist; sourceTree = "<group>"; };
		84B2B552239B7BC3009C84BA /* MyDocNYTTests.xctest */ = {isa = PBXFileReference; explicitFileType = wrapper.cfbundle; includeInIndex = 0; path = MyDocNYTTests.xctest; sourceTree = BUILT_PRODUCTS_DIR; };
		84B2B556239B7BC3009C84BA /* MyDocNYTTests.swift */ = {isa = PBXFileReference; lastKnownFileType = sourcecode.swift; path = MyDocNYTTests.swift; sourceTree = "<group>"; };
		84B2B558239B7BC3009C84BA /* Info.plist */ = {isa = PBXFileReference; lastKnownFileType = text.plist.xml; path = Info.plist; sourceTree = "<group>"; };
		84B2B55D239B7BC3009C84BA /* MyDocNYTUITests.xctest */ = {isa = PBXFileReference; explicitFileType = wrapper.cfbundle; includeInIndex = 0; path = MyDocNYTUITests.xctest; sourceTree = BUILT_PRODUCTS_DIR; };
		84B2B561239B7BC3009C84BA /* MyDocNYTUITests.swift */ = {isa = PBXFileReference; lastKnownFileType = sourcecode.swift; path = MyDocNYTUITests.swift; sourceTree = "<group>"; };
		84B2B563239B7BC3009C84BA /* Info.plist */ = {isa = PBXFileReference; lastKnownFileType = text.plist.xml; path = Info.plist; sourceTree = "<group>"; };
		86CAE4467FDA3AF5599E10D7 /* ArticleViewController.swift */ = {isa = PBXFileReference; includeInIndex = 1; lastKnownFileType = sourcecode.swift; path = ArticleViewController.swift; sourceTree = "<group>"; };
		8DD9EAA4C18AF5495CA8FA0D /* ArticlePresenter.swift */ = {isa = PBXFileReference; includeInIndex = 1; lastKnownFileType = sourcecode.swift; path = ArticlePresenter.swift; sourceTree = "<group>"; };
		8F37B448EFF78C03CEA07E4B /* Pods-MyDocNYT.release.xcconfig */ = {isa = PBXFileReference; includeInIndex = 1; lastKnownFileType = text.xcconfig; name = "Pods-MyDocNYT.release.xcconfig"; path = "Target Support Files/Pods-MyDocNYT/Pods-MyDocNYT.release.xcconfig"; sourceTree = "<group>"; };
		9356D5AD9DF3A5C4F15F60AA /* ArticleInteractorTests.swift */ = {isa = PBXFileReference; includeInIndex = 1; lastKnownFileType = sourcecode.swift; path = ArticleInteractorTests.swift; sourceTree = "<group>"; };
		A11410F7174A122555B5CE99 /* ArticleRouterInput.swift */ = {isa = PBXFileReference; includeInIndex = 1; lastKnownFileType = sourcecode.swift; path = ArticleRouterInput.swift; sourceTree = "<group>"; };
		A21DCAE2C658EED573CA2CF7 /* Pods-MyDocNYTTests.release.xcconfig */ = {isa = PBXFileReference; includeInIndex = 1; lastKnownFileType = text.xcconfig; name = "Pods-MyDocNYTTests.release.xcconfig"; path = "Target Support Files/Pods-MyDocNYTTests/Pods-MyDocNYTTests.release.xcconfig"; sourceTree = "<group>"; };
		A83E23AD510FE9A9FA27F003 /* ArticleViewInput.swift */ = {isa = PBXFileReference; includeInIndex = 1; lastKnownFileType = sourcecode.swift; path = ArticleViewInput.swift; sourceTree = "<group>"; };
		B318618D78368094E7306A10 /* ArticleRouter.swift */ = {isa = PBXFileReference; includeInIndex = 1; lastKnownFileType = sourcecode.swift; path = ArticleRouter.swift; sourceTree = "<group>"; };
		B8E896976F884EC11CD3E2A0 /* ArticlePresenterTests.swift */ = {isa = PBXFileReference; includeInIndex = 1; lastKnownFileType = sourcecode.swift; path = ArticlePresenterTests.swift; sourceTree = "<group>"; };
		B958A1024C858119DB600D7F /* ArticleConfiguratorTests.swift */ = {isa = PBXFileReference; includeInIndex = 1; lastKnownFileType = sourcecode.swift; path = ArticleConfiguratorTests.swift; sourceTree = "<group>"; };
		BD767069CBD9AF092A0A946B /* ArticleViewOutput.swift */ = {isa = PBXFileReference; includeInIndex = 1; lastKnownFileType = sourcecode.swift; path = ArticleViewOutput.swift; sourceTree = "<group>"; };
		BECF23CD2F9EFFBE7AF96FDF /* ArticleRouterTests.swift */ = {isa = PBXFileReference; includeInIndex = 1; lastKnownFileType = sourcecode.swift; path = ArticleRouterTests.swift; sourceTree = "<group>"; };
		F69D8FE0CFBDF1D476886DA4 /* Pods_MyDocNYTUITests.framework */ = {isa = PBXFileReference; explicitFileType = wrapper.framework; includeInIndex = 0; path = Pods_MyDocNYTUITests.framework; sourceTree = BUILT_PRODUCTS_DIR; };
/* End PBXFileReference section */

/* Begin PBXFrameworksBuildPhase section */
		84B2B536239B7BBF009C84BA /* Frameworks */ = {
			isa = PBXFrameworksBuildPhase;
			buildActionMask = 2147483647;
			files = (
				0041DBC58A4AD693FA3DD112 /* Pods_MyDocNYT.framework in Frameworks */,
			);
			runOnlyForDeploymentPostprocessing = 0;
		};
		84B2B54F239B7BC3009C84BA /* Frameworks */ = {
			isa = PBXFrameworksBuildPhase;
			buildActionMask = 2147483647;
			files = (
				CB9ACBC3E7F082856BF69781 /* Pods_MyDocNYTTests.framework in Frameworks */,
			);
			runOnlyForDeploymentPostprocessing = 0;
		};
		84B2B55A239B7BC3009C84BA /* Frameworks */ = {
			isa = PBXFrameworksBuildPhase;
			buildActionMask = 2147483647;
			files = (
				E2ABE548952CB52367065BD9 /* Pods_MyDocNYTUITests.framework in Frameworks */,
			);
			runOnlyForDeploymentPostprocessing = 0;
		};
/* End PBXFrameworksBuildPhase section */

/* Begin PBXGroup section */
		0F13CA73D40100F948883112 /* Configurator */ = {
			isa = PBXGroup;
			children = (
				540D0B746E701D6506FB1EBB /* ArticleConfigurator.swift */,
				788F0D8BBD66FCEBE4ADEA99 /* ArticleInitializer.swift */,
			);
			path = Configurator;
			sourceTree = "<group>";
		};
		283C04545898290AFF78EBCE /* View */ = {
			isa = PBXGroup;
			children = (
				A83E23AD510FE9A9FA27F003 /* ArticleViewInput.swift */,
				BD767069CBD9AF092A0A946B /* ArticleViewOutput.swift */,
				86CAE4467FDA3AF5599E10D7 /* ArticleViewController.swift */,
			);
			path = View;
			sourceTree = "<group>";
		};
		31886263B15F2B2927E89A30 /* Interactor */ = {
			isa = PBXGroup;
			children = (
				9356D5AD9DF3A5C4F15F60AA /* ArticleInteractorTests.swift */,
			);
			path = Interactor;
			sourceTree = "<group>";
		};
		628837EFDFBA78DF935C4C72 /* Router */ = {
			isa = PBXGroup;
			children = (
				A11410F7174A122555B5CE99 /* ArticleRouterInput.swift */,
				B318618D78368094E7306A10 /* ArticleRouter.swift */,
			);
			path = Router;
			sourceTree = "<group>";
		};
		64E979B8E974C916DAC9EA04 /* Interactor */ = {
			isa = PBXGroup;
			children = (
				37620C9C2C2042548A9C754E /* ArticleInteractorInput.swift */,
				167B1F667A9620BD2B1408B5 /* ArticleInteractorOutput.swift */,
				25CBAE9009484A83F99B3567 /* ArticleInteractor.swift */,
			);
			path = Interactor;
			sourceTree = "<group>";
		};
		84AC81AA239E16CC00F522B4 /* Articles Model */ = {
			isa = PBXGroup;
			children = (
				84AC819D239E16A600F522B4 /* ArticleModel.swift */,
				84AC8196239E16A500F522B4 /* Response.swift */,
				84AC8197239E16A500F522B4 /* Docs.swift */,
				84AC819B239E16A600F522B4 /* Meta.swift */,
				84AC8198239E16A500F522B4 /* Byline.swift */,
				84AC819A239E16A500F522B4 /* Headline.swift */,
				84AC819C239E16A600F522B4 /* Keywords.swift */,
				84AC8199239E16A500F522B4 /* Legacy.swift */,
				84AC819E239E16A600F522B4 /* Multimedia.swift */,
				84AC819F239E16A600F522B4 /* Person.swift */,
			);
			path = "Articles Model";
			sourceTree = "<group>";
		};
		84B2B530239B7BBF009C84BA = {
			isa = PBXGroup;
			children = (
				84B2B53B239B7BBF009C84BA /* MyDocNYT */,
				84B2B555239B7BC3009C84BA /* MyDocNYTTests */,
				84B2B560239B7BC3009C84BA /* MyDocNYTUITests */,
				84B2B53A239B7BBF009C84BA /* Products */,
				AEBB1B7DA770B07DA275F52F /* Pods */,
				F9303892909F229FB39D092F /* Frameworks */,
			);
			sourceTree = "<group>";
		};
		84B2B53A239B7BBF009C84BA /* Products */ = {
			isa = PBXGroup;
			children = (
				84B2B539239B7BBF009C84BA /* MyDocNYT.app */,
				84B2B552239B7BC3009C84BA /* MyDocNYTTests.xctest */,
				84B2B55D239B7BC3009C84BA /* MyDocNYTUITests.xctest */,
			);
			name = Products;
			sourceTree = "<group>";
		};
		84B2B53B239B7BBF009C84BA /* MyDocNYT */ = {
			isa = PBXGroup;
			children = (
				84B2B53C239B7BBF009C84BA /* AppDelegate.swift */,
				84B2B53E239B7BBF009C84BA /* SceneDelegate.swift */,
				84B2B542239B7BBF009C84BA /* Main.storyboard */,
				84B2B548239B7BC3009C84BA /* Assets.xcassets */,
				84B2B54A239B7BC3009C84BA /* LaunchScreen.storyboard */,
				84B2B54D239B7BC3009C84BA /* Info.plist */,
				84B2B545239B7BBF009C84BA /* MyDocNYT.xcdatamodeld */,
				C1B650C954EA5C8A06EC3238 /* Article */,
			);
			path = MyDocNYT;
			sourceTree = "<group>";
		};
		84B2B555239B7BC3009C84BA /* MyDocNYTTests */ = {
			isa = PBXGroup;
			children = (
				84B2B556239B7BC3009C84BA /* MyDocNYTTests.swift */,
				84B2B558239B7BC3009C84BA /* Info.plist */,
				B22E66F2C2367C0C8CAC89C0 /* Article */,
			);
			path = MyDocNYTTests;
			sourceTree = "<group>";
		};
		84B2B560239B7BC3009C84BA /* MyDocNYTUITests */ = {
			isa = PBXGroup;
			children = (
				84B2B561239B7BC3009C84BA /* MyDocNYTUITests.swift */,
				84B2B563239B7BC3009C84BA /* Info.plist */,
			);
			path = MyDocNYTUITests;
			sourceTree = "<group>";
		};
		9617FEDBE5035CF9304BADF2 /* Presenter */ = {
			isa = PBXGroup;
			children = (
				B8E896976F884EC11CD3E2A0 /* ArticlePresenterTests.swift */,
			);
			path = Presenter;
			sourceTree = "<group>";
		};
		A76D47006F7285332D16D672 /* Router */ = {
			isa = PBXGroup;
			children = (
				BECF23CD2F9EFFBE7AF96FDF /* ArticleRouterTests.swift */,
			);
			path = Router;
			sourceTree = "<group>";
		};
		AEBB1B7DA770B07DA275F52F /* Pods */ = {
			isa = PBXGroup;
			children = (
				4C0040F210CFA99F6B0A280B /* Pods-MyDocNYT.debug.xcconfig */,
				8F37B448EFF78C03CEA07E4B /* Pods-MyDocNYT.release.xcconfig */,
				23ADF06496E82A12AFE5D436 /* Pods-MyDocNYTTests.debug.xcconfig */,
				A21DCAE2C658EED573CA2CF7 /* Pods-MyDocNYTTests.release.xcconfig */,
				521F2DE0785877ED2D1343AC /* Pods-MyDocNYTUITests.debug.xcconfig */,
				3544816DF69FAE3F0449ED91 /* Pods-MyDocNYTUITests.release.xcconfig */,
			);
			path = Pods;
			sourceTree = "<group>";
		};
		B22E66F2C2367C0C8CAC89C0 /* Article */ = {
			isa = PBXGroup;
			children = (
				C63F5B3251195B326A99006F /* Configurator */,
				B25CA4168AC7E7BF71491ED0 /* View */,
				31886263B15F2B2927E89A30 /* Interactor */,
				9617FEDBE5035CF9304BADF2 /* Presenter */,
				A76D47006F7285332D16D672 /* Router */,
			);
			path = Article;
			sourceTree = "<group>";
		};
		B25CA4168AC7E7BF71491ED0 /* View */ = {
			isa = PBXGroup;
			children = (
				27A51DBA81697579D4FAA272 /* ArticleViewTests.swift */,
			);
			path = View;
			sourceTree = "<group>";
		};
		C1B650C954EA5C8A06EC3238 /* Article */ = {
			isa = PBXGroup;
			children = (
				283C04545898290AFF78EBCE /* View */,
				F403B795F1946E541AC0F171 /* Presenter */,
				64E979B8E974C916DAC9EA04 /* Interactor */,
				628837EFDFBA78DF935C4C72 /* Router */,
				0F13CA73D40100F948883112 /* Configurator */,
				84AC81AA239E16CC00F522B4 /* Articles Model */,
			);
			path = Article;
			sourceTree = "<group>";
		};
		C63F5B3251195B326A99006F /* Configurator */ = {
			isa = PBXGroup;
			children = (
				B958A1024C858119DB600D7F /* ArticleConfiguratorTests.swift */,
			);
			path = Configurator;
			sourceTree = "<group>";
		};
		F403B795F1946E541AC0F171 /* Presenter */ = {
			isa = PBXGroup;
			children = (
				6FEFAA38311C250116A4D505 /* ArticleModuleInput.swift */,
				8DD9EAA4C18AF5495CA8FA0D /* ArticlePresenter.swift */,
			);
			path = Presenter;
			sourceTree = "<group>";
		};
		F9303892909F229FB39D092F /* Frameworks */ = {
			isa = PBXGroup;
			children = (
				3E134F295D4B7E49B2475A76 /* Pods_MyDocNYT.framework */,
				6B5C0E4318F551919F4B79C5 /* Pods_MyDocNYTTests.framework */,
				F69D8FE0CFBDF1D476886DA4 /* Pods_MyDocNYTUITests.framework */,
			);
			name = Frameworks;
			sourceTree = "<group>";
		};
/* End PBXGroup section */

/* Begin PBXNativeTarget section */
		84B2B538239B7BBF009C84BA /* MyDocNYT */ = {
			isa = PBXNativeTarget;
			buildConfigurationList = 84B2B566239B7BC3009C84BA /* Build configuration list for PBXNativeTarget "MyDocNYT" */;
			buildPhases = (
				8A0F6A14CD746324B9BBE1DB /* [CP] Check Pods Manifest.lock */,
				84B2B535239B7BBF009C84BA /* Sources */,
				84B2B536239B7BBF009C84BA /* Frameworks */,
				84B2B537239B7BBF009C84BA /* Resources */,
				C17F336936A1F505DFA4915B /* [CP] Embed Pods Frameworks */,
			);
			buildRules = (
			);
			dependencies = (
			);
			name = MyDocNYT;
			productName = MyDocNYT;
			productReference = 84B2B539239B7BBF009C84BA /* MyDocNYT.app */;
			productType = "com.apple.product-type.application";
		};
		84B2B551239B7BC3009C84BA /* MyDocNYTTests */ = {
			isa = PBXNativeTarget;
			buildConfigurationList = 84B2B569239B7BC3009C84BA /* Build configuration list for PBXNativeTarget "MyDocNYTTests" */;
			buildPhases = (
				22BE5E9CA1C975591D7A936F /* [CP] Check Pods Manifest.lock */,
				84B2B54E239B7BC3009C84BA /* Sources */,
				84B2B54F239B7BC3009C84BA /* Frameworks */,
				84B2B550239B7BC3009C84BA /* Resources */,
			);
			buildRules = (
			);
			dependencies = (
				84B2B554239B7BC3009C84BA /* PBXTargetDependency */,
			);
			name = MyDocNYTTests;
			productName = MyDocNYTTests;
			productReference = 84B2B552239B7BC3009C84BA /* MyDocNYTTests.xctest */;
			productType = "com.apple.product-type.bundle.unit-test";
		};
		84B2B55C239B7BC3009C84BA /* MyDocNYTUITests */ = {
			isa = PBXNativeTarget;
			buildConfigurationList = 84B2B56C239B7BC3009C84BA /* Build configuration list for PBXNativeTarget "MyDocNYTUITests" */;
			buildPhases = (
				15183E787EB8D89DA60B59B0 /* [CP] Check Pods Manifest.lock */,
				84B2B559239B7BC3009C84BA /* Sources */,
				84B2B55A239B7BC3009C84BA /* Frameworks */,
				84B2B55B239B7BC3009C84BA /* Resources */,
			);
			buildRules = (
			);
			dependencies = (
				84B2B55F239B7BC3009C84BA /* PBXTargetDependency */,
			);
			name = MyDocNYTUITests;
			productName = MyDocNYTUITests;
			productReference = 84B2B55D239B7BC3009C84BA /* MyDocNYTUITests.xctest */;
			productType = "com.apple.product-type.bundle.ui-testing";
		};
/* End PBXNativeTarget section */

/* Begin PBXProject section */
		84B2B531239B7BBF009C84BA /* Project object */ = {
			isa = PBXProject;
			attributes = {
				LastSwiftUpdateCheck = 1120;
				LastUpgradeCheck = 1120;
				ORGANIZATIONNAME = admin;
				TargetAttributes = {
					84B2B538239B7BBF009C84BA = {
						CreatedOnToolsVersion = 11.2.1;
					};
					84B2B551239B7BC3009C84BA = {
						CreatedOnToolsVersion = 11.2.1;
						TestTargetID = 84B2B538239B7BBF009C84BA;
					};
					84B2B55C239B7BC3009C84BA = {
						CreatedOnToolsVersion = 11.2.1;
						TestTargetID = 84B2B538239B7BBF009C84BA;
					};
				};
			};
			buildConfigurationList = 84B2B534239B7BBF009C84BA /* Build configuration list for PBXProject "MyDocNYT" */;
			compatibilityVersion = "Xcode 9.3";
			developmentRegion = en;
			hasScannedForEncodings = 0;
			knownRegions = (
				en,
				Base,
			);
			mainGroup = 84B2B530239B7BBF009C84BA;
			productRefGroup = 84B2B53A239B7BBF009C84BA /* Products */;
			projectDirPath = "";
			projectRoot = "";
			targets = (
				84B2B538239B7BBF009C84BA /* MyDocNYT */,
				84B2B551239B7BC3009C84BA /* MyDocNYTTests */,
				84B2B55C239B7BC3009C84BA /* MyDocNYTUITests */,
			);
		};
/* End PBXProject section */

/* Begin PBXResourcesBuildPhase section */
		84B2B537239B7BBF009C84BA /* Resources */ = {
			isa = PBXResourcesBuildPhase;
			buildActionMask = 2147483647;
			files = (
				84B2B54C239B7BC3009C84BA /* LaunchScreen.storyboard in Resources */,
				84B2B549239B7BC3009C84BA /* Assets.xcassets in Resources */,
				84B2B544239B7BBF009C84BA /* Main.storyboard in Resources */,
			);
			runOnlyForDeploymentPostprocessing = 0;
		};
		84B2B550239B7BC3009C84BA /* Resources */ = {
			isa = PBXResourcesBuildPhase;
			buildActionMask = 2147483647;
			files = (
			);
			runOnlyForDeploymentPostprocessing = 0;
		};
		84B2B55B239B7BC3009C84BA /* Resources */ = {
			isa = PBXResourcesBuildPhase;
			buildActionMask = 2147483647;
			files = (
			);
			runOnlyForDeploymentPostprocessing = 0;
		};
/* End PBXResourcesBuildPhase section */

/* Begin PBXShellScriptBuildPhase section */
		15183E787EB8D89DA60B59B0 /* [CP] Check Pods Manifest.lock */ = {
			isa = PBXShellScriptBuildPhase;
			buildActionMask = 2147483647;
			files = (
			);
			inputFileListPaths = (
			);
			inputPaths = (
				"${PODS_PODFILE_DIR_PATH}/Podfile.lock",
				"${PODS_ROOT}/Manifest.lock",
			);
			name = "[CP] Check Pods Manifest.lock";
			outputFileListPaths = (
			);
			outputPaths = (
				"$(DERIVED_FILE_DIR)/Pods-MyDocNYTUITests-checkManifestLockResult.txt",
			);
			runOnlyForDeploymentPostprocessing = 0;
			shellPath = /bin/sh;
			shellScript = "diff \"${PODS_PODFILE_DIR_PATH}/Podfile.lock\" \"${PODS_ROOT}/Manifest.lock\" > /dev/null\nif [ $? != 0 ] ; then\n    # print error to STDERR\n    echo \"error: The sandbox is not in sync with the Podfile.lock. Run 'pod install' or update your CocoaPods installation.\" >&2\n    exit 1\nfi\n# This output is used by Xcode 'outputs' to avoid re-running this script phase.\necho \"SUCCESS\" > \"${SCRIPT_OUTPUT_FILE_0}\"\n";
			showEnvVarsInLog = 0;
		};
		22BE5E9CA1C975591D7A936F /* [CP] Check Pods Manifest.lock */ = {
			isa = PBXShellScriptBuildPhase;
			buildActionMask = 2147483647;
			files = (
			);
			inputFileListPaths = (
			);
			inputPaths = (
				"${PODS_PODFILE_DIR_PATH}/Podfile.lock",
				"${PODS_ROOT}/Manifest.lock",
			);
			name = "[CP] Check Pods Manifest.lock";
			outputFileListPaths = (
			);
			outputPaths = (
				"$(DERIVED_FILE_DIR)/Pods-MyDocNYTTests-checkManifestLockResult.txt",
			);
			runOnlyForDeploymentPostprocessing = 0;
			shellPath = /bin/sh;
			shellScript = "diff \"${PODS_PODFILE_DIR_PATH}/Podfile.lock\" \"${PODS_ROOT}/Manifest.lock\" > /dev/null\nif [ $? != 0 ] ; then\n    # print error to STDERR\n    echo \"error: The sandbox is not in sync with the Podfile.lock. Run 'pod install' or update your CocoaPods installation.\" >&2\n    exit 1\nfi\n# This output is used by Xcode 'outputs' to avoid re-running this script phase.\necho \"SUCCESS\" > \"${SCRIPT_OUTPUT_FILE_0}\"\n";
			showEnvVarsInLog = 0;
		};
		8A0F6A14CD746324B9BBE1DB /* [CP] Check Pods Manifest.lock */ = {
			isa = PBXShellScriptBuildPhase;
			buildActionMask = 2147483647;
			files = (
			);
			inputFileListPaths = (
			);
			inputPaths = (
				"${PODS_PODFILE_DIR_PATH}/Podfile.lock",
				"${PODS_ROOT}/Manifest.lock",
			);
			name = "[CP] Check Pods Manifest.lock";
			outputFileListPaths = (
			);
			outputPaths = (
				"$(DERIVED_FILE_DIR)/Pods-MyDocNYT-checkManifestLockResult.txt",
			);
			runOnlyForDeploymentPostprocessing = 0;
			shellPath = /bin/sh;
			shellScript = "diff \"${PODS_PODFILE_DIR_PATH}/Podfile.lock\" \"${PODS_ROOT}/Manifest.lock\" > /dev/null\nif [ $? != 0 ] ; then\n    # print error to STDERR\n    echo \"error: The sandbox is not in sync with the Podfile.lock. Run 'pod install' or update your CocoaPods installation.\" >&2\n    exit 1\nfi\n# This output is used by Xcode 'outputs' to avoid re-running this script phase.\necho \"SUCCESS\" > \"${SCRIPT_OUTPUT_FILE_0}\"\n";
			showEnvVarsInLog = 0;
		};
		C17F336936A1F505DFA4915B /* [CP] Embed Pods Frameworks */ = {
			isa = PBXShellScriptBuildPhase;
			buildActionMask = 2147483647;
			files = (
			);
			inputFileListPaths = (
				"${PODS_ROOT}/Target Support Files/Pods-MyDocNYT/Pods-MyDocNYT-frameworks-${CONFIGURATION}-input-files.xcfilelist",
			);
			name = "[CP] Embed Pods Frameworks";
			outputFileListPaths = (
				"${PODS_ROOT}/Target Support Files/Pods-MyDocNYT/Pods-MyDocNYT-frameworks-${CONFIGURATION}-output-files.xcfilelist",
			);
			runOnlyForDeploymentPostprocessing = 0;
			shellPath = /bin/sh;
			shellScript = "\"${PODS_ROOT}/Target Support Files/Pods-MyDocNYT/Pods-MyDocNYT-frameworks.sh\"\n";
			showEnvVarsInLog = 0;
		};
/* End PBXShellScriptBuildPhase section */

/* Begin PBXSourcesBuildPhase section */
		84B2B535239B7BBF009C84BA /* Sources */ = {
			isa = PBXSourcesBuildPhase;
			buildActionMask = 2147483647;
			files = (
				84AC81A9239E16A600F522B4 /* Person.swift in Sources */,
				84B2B547239B7BBF009C84BA /* MyDocNYT.xcdatamodeld in Sources */,
				84B2B53D239B7BBF009C84BA /* AppDelegate.swift in Sources */,
				84B2B53F239B7BBF009C84BA /* SceneDelegate.swift in Sources */,
				5CD06EDC1A977BCC40D35D02 /* ArticleViewInput.swift in Sources */,
				84AC81A1239E16A600F522B4 /* Docs.swift in Sources */,
				84AC81A5239E16A600F522B4 /* Meta.swift in Sources */,
				84AC81A8239E16A600F522B4 /* Multimedia.swift in Sources */,
				15952908F4FFE0EB879F0559 /* ArticleViewOutput.swift in Sources */,
				29D0CF18B82FB2F44CF83B93 /* ArticleViewController.swift in Sources */,
				E7B462665FFD90E6E84D1C06 /* ArticleModuleInput.swift in Sources */,
				DD63CC2853356B78DB0C93AE /* ArticlePresenter.swift in Sources */,
				84AC81A0239E16A600F522B4 /* Response.swift in Sources */,
				EF6F88A3561B81A2214CDBE0 /* ArticleInteractorInput.swift in Sources */,
				84AC81A4239E16A600F522B4 /* Headline.swift in Sources */,
				84AC81A3239E16A600F522B4 /* Legacy.swift in Sources */,
				D3291892EB109AC0B8AC01FF /* ArticleInteractorOutput.swift in Sources */,
				84AC81A2239E16A600F522B4 /* Byline.swift in Sources */,
				55EE22F09892EA165B5598FF /* ArticleInteractor.swift in Sources */,
				84AC81A7239E16A600F522B4 /* ArticleModel.swift in Sources */,
				0FFA86004EEFA9495B9BD047 /* ArticleRouterInput.swift in Sources */,
				8460DD072E3E078607039EE9 /* ArticleRouter.swift in Sources */,
				0DA0A515FFEE06E37BD3D6C9 /* ArticleConfigurator.swift in Sources */,
				1C46453E18429F7E3672E4B8 /* ArticleInitializer.swift in Sources */,
				84AC81A6239E16A600F522B4 /* Keywords.swift in Sources */,
			);
			runOnlyForDeploymentPostprocessing = 0;
		};
		84B2B54E239B7BC3009C84BA /* Sources */ = {
			isa = PBXSourcesBuildPhase;
			buildActionMask = 2147483647;
			files = (
				84B2B557239B7BC3009C84BA /* MyDocNYTTests.swift in Sources */,
				7A59F13A966EF81B8EED5F05 /* ArticleConfiguratorTests.swift in Sources */,
				7392A9AD47188AF8B85B2896 /* ArticleViewTests.swift in Sources */,
				39332D66523D79DA5F8DEB2C /* ArticleInteractorTests.swift in Sources */,
				35416B981782D229EBC1D25B /* ArticlePresenterTests.swift in Sources */,
				66FEC80800842D9F847A91BD /* ArticleRouterTests.swift in Sources */,
			);
			runOnlyForDeploymentPostprocessing = 0;
		};
		84B2B559239B7BC3009C84BA /* Sources */ = {
			isa = PBXSourcesBuildPhase;
			buildActionMask = 2147483647;
			files = (
				84B2B562239B7BC3009C84BA /* MyDocNYTUITests.swift in Sources */,
			);
			runOnlyForDeploymentPostprocessing = 0;
		};
/* End PBXSourcesBuildPhase section */

/* Begin PBXTargetDependency section */
		84B2B554239B7BC3009C84BA /* PBXTargetDependency */ = {
			isa = PBXTargetDependency;
			target = 84B2B538239B7BBF009C84BA /* MyDocNYT */;
			targetProxy = 84B2B553239B7BC3009C84BA /* PBXContainerItemProxy */;
		};
		84B2B55F239B7BC3009C84BA /* PBXTargetDependency */ = {
			isa = PBXTargetDependency;
			target = 84B2B538239B7BBF009C84BA /* MyDocNYT */;
			targetProxy = 84B2B55E239B7BC3009C84BA /* PBXContainerItemProxy */;
		};
/* End PBXTargetDependency section */

/* Begin PBXVariantGroup section */
		84B2B542239B7BBF009C84BA /* Main.storyboard */ = {
			isa = PBXVariantGroup;
			children = (
				84B2B543239B7BBF009C84BA /* Base */,
			);
			name = Main.storyboard;
			sourceTree = "<group>";
		};
		84B2B54A239B7BC3009C84BA /* LaunchScreen.storyboard */ = {
			isa = PBXVariantGroup;
			children = (
				84B2B54B239B7BC3009C84BA /* Base */,
			);
			name = LaunchScreen.storyboard;
			sourceTree = "<group>";
		};
/* End PBXVariantGroup section */

/* Begin XCBuildConfiguration section */
		84B2B564239B7BC3009C84BA /* Debug */ = {
			isa = XCBuildConfiguration;
			buildSettings = {
				ALWAYS_SEARCH_USER_PATHS = NO;
				CLANG_ANALYZER_NONNULL = YES;
				CLANG_ANALYZER_NUMBER_OBJECT_CONVERSION = YES_AGGRESSIVE;
				CLANG_CXX_LANGUAGE_STANDARD = "gnu++14";
				CLANG_CXX_LIBRARY = "libc++";
				CLANG_ENABLE_MODULES = YES;
				CLANG_ENABLE_OBJC_ARC = YES;
				CLANG_ENABLE_OBJC_WEAK = YES;
				CLANG_WARN_BLOCK_CAPTURE_AUTORELEASING = YES;
				CLANG_WARN_BOOL_CONVERSION = YES;
				CLANG_WARN_COMMA = YES;
				CLANG_WARN_CONSTANT_CONVERSION = YES;
				CLANG_WARN_DEPRECATED_OBJC_IMPLEMENTATIONS = YES;
				CLANG_WARN_DIRECT_OBJC_ISA_USAGE = YES_ERROR;
				CLANG_WARN_DOCUMENTATION_COMMENTS = YES;
				CLANG_WARN_EMPTY_BODY = YES;
				CLANG_WARN_ENUM_CONVERSION = YES;
				CLANG_WARN_INFINITE_RECURSION = YES;
				CLANG_WARN_INT_CONVERSION = YES;
				CLANG_WARN_NON_LITERAL_NULL_CONVERSION = YES;
				CLANG_WARN_OBJC_IMPLICIT_RETAIN_SELF = YES;
				CLANG_WARN_OBJC_LITERAL_CONVERSION = YES;
				CLANG_WARN_OBJC_ROOT_CLASS = YES_ERROR;
				CLANG_WARN_RANGE_LOOP_ANALYSIS = YES;
				CLANG_WARN_STRICT_PROTOTYPES = YES;
				CLANG_WARN_SUSPICIOUS_MOVE = YES;
				CLANG_WARN_UNGUARDED_AVAILABILITY = YES_AGGRESSIVE;
				CLANG_WARN_UNREACHABLE_CODE = YES;
				CLANG_WARN__DUPLICATE_METHOD_MATCH = YES;
				COPY_PHASE_STRIP = NO;
				DEBUG_INFORMATION_FORMAT = dwarf;
				ENABLE_STRICT_OBJC_MSGSEND = YES;
				ENABLE_TESTABILITY = YES;
				GCC_C_LANGUAGE_STANDARD = gnu11;
				GCC_DYNAMIC_NO_PIC = NO;
				GCC_NO_COMMON_BLOCKS = YES;
				GCC_OPTIMIZATION_LEVEL = 0;
				GCC_PREPROCESSOR_DEFINITIONS = (
					"DEBUG=1",
					"$(inherited)",
				);
				GCC_WARN_64_TO_32_BIT_CONVERSION = YES;
				GCC_WARN_ABOUT_RETURN_TYPE = YES_ERROR;
				GCC_WARN_UNDECLARED_SELECTOR = YES;
				GCC_WARN_UNINITIALIZED_AUTOS = YES_AGGRESSIVE;
				GCC_WARN_UNUSED_FUNCTION = YES;
				GCC_WARN_UNUSED_VARIABLE = YES;
				IPHONEOS_DEPLOYMENT_TARGET = 13.2;
				MTL_ENABLE_DEBUG_INFO = INCLUDE_SOURCE;
				MTL_FAST_MATH = YES;
				ONLY_ACTIVE_ARCH = YES;
				SDKROOT = iphoneos;
				SWIFT_ACTIVE_COMPILATION_CONDITIONS = DEBUG;
				SWIFT_OPTIMIZATION_LEVEL = "-Onone";
			};
			name = Debug;
		};
		84B2B565239B7BC3009C84BA /* Release */ = {
			isa = XCBuildConfiguration;
			buildSettings = {
				ALWAYS_SEARCH_USER_PATHS = NO;
				CLANG_ANALYZER_NONNULL = YES;
				CLANG_ANALYZER_NUMBER_OBJECT_CONVERSION = YES_AGGRESSIVE;
				CLANG_CXX_LANGUAGE_STANDARD = "gnu++14";
				CLANG_CXX_LIBRARY = "libc++";
				CLANG_ENABLE_MODULES = YES;
				CLANG_ENABLE_OBJC_ARC = YES;
				CLANG_ENABLE_OBJC_WEAK = YES;
				CLANG_WARN_BLOCK_CAPTURE_AUTORELEASING = YES;
				CLANG_WARN_BOOL_CONVERSION = YES;
				CLANG_WARN_COMMA = YES;
				CLANG_WARN_CONSTANT_CONVERSION = YES;
				CLANG_WARN_DEPRECATED_OBJC_IMPLEMENTATIONS = YES;
				CLANG_WARN_DIRECT_OBJC_ISA_USAGE = YES_ERROR;
				CLANG_WARN_DOCUMENTATION_COMMENTS = YES;
				CLANG_WARN_EMPTY_BODY = YES;
				CLANG_WARN_ENUM_CONVERSION = YES;
				CLANG_WARN_INFINITE_RECURSION = YES;
				CLANG_WARN_INT_CONVERSION = YES;
				CLANG_WARN_NON_LITERAL_NULL_CONVERSION = YES;
				CLANG_WARN_OBJC_IMPLICIT_RETAIN_SELF = YES;
				CLANG_WARN_OBJC_LITERAL_CONVERSION = YES;
				CLANG_WARN_OBJC_ROOT_CLASS = YES_ERROR;
				CLANG_WARN_RANGE_LOOP_ANALYSIS = YES;
				CLANG_WARN_STRICT_PROTOTYPES = YES;
				CLANG_WARN_SUSPICIOUS_MOVE = YES;
				CLANG_WARN_UNGUARDED_AVAILABILITY = YES_AGGRESSIVE;
				CLANG_WARN_UNREACHABLE_CODE = YES;
				CLANG_WARN__DUPLICATE_METHOD_MATCH = YES;
				COPY_PHASE_STRIP = NO;
				DEBUG_INFORMATION_FORMAT = "dwarf-with-dsym";
				ENABLE_NS_ASSERTIONS = NO;
				ENABLE_STRICT_OBJC_MSGSEND = YES;
				GCC_C_LANGUAGE_STANDARD = gnu11;
				GCC_NO_COMMON_BLOCKS = YES;
				GCC_WARN_64_TO_32_BIT_CONVERSION = YES;
				GCC_WARN_ABOUT_RETURN_TYPE = YES_ERROR;
				GCC_WARN_UNDECLARED_SELECTOR = YES;
				GCC_WARN_UNINITIALIZED_AUTOS = YES_AGGRESSIVE;
				GCC_WARN_UNUSED_FUNCTION = YES;
				GCC_WARN_UNUSED_VARIABLE = YES;
				IPHONEOS_DEPLOYMENT_TARGET = 13.2;
				MTL_ENABLE_DEBUG_INFO = NO;
				MTL_FAST_MATH = YES;
				SDKROOT = iphoneos;
				SWIFT_COMPILATION_MODE = wholemodule;
				SWIFT_OPTIMIZATION_LEVEL = "-O";
				VALIDATE_PRODUCT = YES;
			};
			name = Release;
		};
		84B2B567239B7BC3009C84BA /* Debug */ = {
			isa = XCBuildConfiguration;
			baseConfigurationReference = 4C0040F210CFA99F6B0A280B /* Pods-MyDocNYT.debug.xcconfig */;
			buildSettings = {
				ASSETCATALOG_COMPILER_APPICON_NAME = AppIcon;
				CODE_SIGN_STYLE = Automatic;
				DEVELOPMENT_TEAM = T4FS3BZ4T8;
				INFOPLIST_FILE = MyDocNYT/Info.plist;
				LD_RUNPATH_SEARCH_PATHS = (
					"$(inherited)",
					"@executable_path/Frameworks",
				);
				PRODUCT_BUNDLE_IDENTIFIER = com.Kishore.MyDocNYT;
				PRODUCT_NAME = "$(TARGET_NAME)";
				SWIFT_VERSION = 5.0;
				TARGETED_DEVICE_FAMILY = "1,2";
			};
			name = Debug;
		};
		84B2B568239B7BC3009C84BA /* Release */ = {
			isa = XCBuildConfiguration;
			baseConfigurationReference = 8F37B448EFF78C03CEA07E4B /* Pods-MyDocNYT.release.xcconfig */;
			buildSettings = {
				ASSETCATALOG_COMPILER_APPICON_NAME = AppIcon;
				CODE_SIGN_STYLE = Automatic;
				DEVELOPMENT_TEAM = T4FS3BZ4T8;
				INFOPLIST_FILE = MyDocNYT/Info.plist;
				LD_RUNPATH_SEARCH_PATHS = (
					"$(inherited)",
					"@executable_path/Frameworks",
				);
				PRODUCT_BUNDLE_IDENTIFIER = com.Kishore.MyDocNYT;
				PRODUCT_NAME = "$(TARGET_NAME)";
				SWIFT_VERSION = 5.0;
				TARGETED_DEVICE_FAMILY = "1,2";
			};
			name = Release;
		};
		84B2B56A239B7BC3009C84BA /* Debug */ = {
			isa = XCBuildConfiguration;
			baseConfigurationReference = 23ADF06496E82A12AFE5D436 /* Pods-MyDocNYTTests.debug.xcconfig */;
			buildSettings = {
				ALWAYS_EMBED_SWIFT_STANDARD_LIBRARIES = YES;
				BUNDLE_LOADER = "$(TEST_HOST)";
				CODE_SIGN_STYLE = Automatic;
				DEVELOPMENT_TEAM = T4FS3BZ4T8;
				INFOPLIST_FILE = MyDocNYTTests/Info.plist;
				IPHONEOS_DEPLOYMENT_TARGET = 13.2;
				LD_RUNPATH_SEARCH_PATHS = (
					"$(inherited)",
					"@executable_path/Frameworks",
					"@loader_path/Frameworks",
				);
				PRODUCT_BUNDLE_IDENTIFIER = com.Kishore.MyDocNYTTests;
				PRODUCT_NAME = "$(TARGET_NAME)";
				SWIFT_VERSION = 5.0;
				TARGETED_DEVICE_FAMILY = "1,2";
				TEST_HOST = "$(BUILT_PRODUCTS_DIR)/MyDocNYT.app/MyDocNYT";
			};
			name = Debug;
		};
		84B2B56B239B7BC3009C84BA /* Release */ = {
			isa = XCBuildConfiguration;
			baseConfigurationReference = A21DCAE2C658EED573CA2CF7 /* Pods-MyDocNYTTests.release.xcconfig */;
			buildSettings = {
				ALWAYS_EMBED_SWIFT_STANDARD_LIBRARIES = YES;
				BUNDLE_LOADER = "$(TEST_HOST)";
				CODE_SIGN_STYLE = Automatic;
				DEVELOPMENT_TEAM = T4FS3BZ4T8;
				INFOPLIST_FILE = MyDocNYTTests/Info.plist;
				IPHONEOS_DEPLOYMENT_TARGET = 13.2;
				LD_RUNPATH_SEARCH_PATHS = (
					"$(inherited)",
					"@executable_path/Frameworks",
					"@loader_path/Frameworks",
				);
				PRODUCT_BUNDLE_IDENTIFIER = com.Kishore.MyDocNYTTests;
				PRODUCT_NAME = "$(TARGET_NAME)";
				SWIFT_VERSION = 5.0;
				TARGETED_DEVICE_FAMILY = "1,2";
				TEST_HOST = "$(BUILT_PRODUCTS_DIR)/MyDocNYT.app/MyDocNYT";
			};
			name = Release;
		};
		84B2B56D239B7BC3009C84BA /* Debug */ = {
			isa = XCBuildConfiguration;
			baseConfigurationReference = 521F2DE0785877ED2D1343AC /* Pods-MyDocNYTUITests.debug.xcconfig */;
			buildSettings = {
				ALWAYS_EMBED_SWIFT_STANDARD_LIBRARIES = YES;
				CODE_SIGN_STYLE = Automatic;
				DEVELOPMENT_TEAM = T4FS3BZ4T8;
				INFOPLIST_FILE = MyDocNYTUITests/Info.plist;
				LD_RUNPATH_SEARCH_PATHS = (
					"$(inherited)",
					"@executable_path/Frameworks",
					"@loader_path/Frameworks",
				);
				PRODUCT_BUNDLE_IDENTIFIER = com.Kishore.MyDocNYTUITests;
				PRODUCT_NAME = "$(TARGET_NAME)";
				SWIFT_VERSION = 5.0;
				TARGETED_DEVICE_FAMILY = "1,2";
				TEST_TARGET_NAME = MyDocNYT;
			};
			name = Debug;
		};
		84B2B56E239B7BC3009C84BA /* Release */ = {
			isa = XCBuildConfiguration;
			baseConfigurationReference = 3544816DF69FAE3F0449ED91 /* Pods-MyDocNYTUITests.release.xcconfig */;
			buildSettings = {
				ALWAYS_EMBED_SWIFT_STANDARD_LIBRARIES = YES;
				CODE_SIGN_STYLE = Automatic;
				DEVELOPMENT_TEAM = T4FS3BZ4T8;
				INFOPLIST_FILE = MyDocNYTUITests/Info.plist;
				LD_RUNPATH_SEARCH_PATHS = (
					"$(inherited)",
					"@executable_path/Frameworks",
					"@loader_path/Frameworks",
				);
				PRODUCT_BUNDLE_IDENTIFIER = com.Kishore.MyDocNYTUITests;
				PRODUCT_NAME = "$(TARGET_NAME)";
				SWIFT_VERSION = 5.0;
				TARGETED_DEVICE_FAMILY = "1,2";
				TEST_TARGET_NAME = MyDocNYT;
			};
			name = Release;
		};
/* End XCBuildConfiguration section */

/* Begin XCConfigurationList section */
		84B2B534239B7BBF009C84BA /* Build configuration list for PBXProject "MyDocNYT" */ = {
			isa = XCConfigurationList;
			buildConfigurations = (
				84B2B564239B7BC3009C84BA /* Debug */,
				84B2B565239B7BC3009C84BA /* Release */,
			);
			defaultConfigurationIsVisible = 0;
			defaultConfigurationName = Release;
		};
		84B2B566239B7BC3009C84BA /* Build configuration list for PBXNativeTarget "MyDocNYT" */ = {
			isa = XCConfigurationList;
			buildConfigurations = (
				84B2B567239B7BC3009C84BA /* Debug */,
				84B2B568239B7BC3009C84BA /* Release */,
			);
			defaultConfigurationIsVisible = 0;
			defaultConfigurationName = Release;
		};
		84B2B569239B7BC3009C84BA /* Build configuration list for PBXNativeTarget "MyDocNYTTests" */ = {
			isa = XCConfigurationList;
			buildConfigurations = (
				84B2B56A239B7BC3009C84BA /* Debug */,
				84B2B56B239B7BC3009C84BA /* Release */,
			);
			defaultConfigurationIsVisible = 0;
			defaultConfigurationName = Release;
		};
		84B2B56C239B7BC3009C84BA /* Build configuration list for PBXNativeTarget "MyDocNYTUITests" */ = {
			isa = XCConfigurationList;
			buildConfigurations = (
				84B2B56D239B7BC3009C84BA /* Debug */,
				84B2B56E239B7BC3009C84BA /* Release */,
			);
			defaultConfigurationIsVisible = 0;
			defaultConfigurationName = Release;
		};
/* End XCConfigurationList section */

/* Begin XCVersionGroup section */
		84B2B545239B7BBF009C84BA /* MyDocNYT.xcdatamodeld */ = {
			isa = XCVersionGroup;
			children = (
				84B2B546239B7BBF009C84BA /* MyDocNYT.xcdatamodel */,
			);
			currentVersion = 84B2B546239B7BBF009C84BA /* MyDocNYT.xcdatamodel */;
			path = MyDocNYT.xcdatamodeld;
			sourceTree = "<group>";
			versionGroupType = wrapper.xcdatamodel;
		};
/* End XCVersionGroup section */
	};
	rootObject = 84B2B531239B7BBF009C84BA /* Project object */;
}
